
Microsoft Visual Studio Solution File, Format Version 12.00
# Visual Studio Version 17
VisualStudioVersion = 17.0.32112.339
MinimumVisualStudioVersion = 10.0.40219.1
Project("{FAE04EC0-301F-11D3-BF4B-00C04F79EFBC}") = "Github_teste_V2", "Github_teste_V2.csproj", "{D848B55D-F38B-42A8-AFEC-5CB940FB2A2B}"
EndProject
Global
	GlobalSection(SolutionConfigurationPlatforms) = preSolution
		Debug|Any CPU = Debug|Any CPU
		Release|Any CPU = Release|Any CPU
	EndGlobalSection
	GlobalSection(ProjectConfigurationPlatforms) = postSolution
		{D848B55D-F38B-42A8-AFEC-5CB940FB2A2B}.Debug|Any CPU.ActiveCfg = Debug|Any CPU
		{D848B55D-F38B-42A8-AFEC-5CB940FB2A2B}.Debug|Any CPU.Build.0 = Debug|Any CPU
		{D848B55D-F38B-42A8-AFEC-5CB940FB2A2B}.Release|Any CPU.ActiveCfg = Release|Any CPU
		{D848B55D-F38B-42A8-AFEC-5CB940FB2A2B}.Release|Any CPU.Build.0 = Release|Any CPU
	EndGlobalSection
	GlobalSection(SolutionProperties) = preSolution
		HideSolutionNode = FALSE
	EndGlobalSection
	GlobalSection(ExtensibilityGlobals) = postSolution
		SolutionGuid = {363F45C7-6DE4-43B1-9503-904A2DA69B1B}
	EndGlobalSection
EndGlobal
